
Microsoft Visual Studio Solution File, Format Version 12.00
# Visual Studio Version 17
VisualStudioVersion = 17.7.34031.279
MinimumVisualStudioVersion = 10.0.40219.1
Project("{9A19103F-16F7-4668-BE54-9A1E7A4F7556}") = "SQLConnection", "SQLConnection\SQLConnection.csproj", "{6CBA4C6E-66AD-45A3-9F00-080D96C13C9A}"
EndProject
Global
	GlobalSection(SolutionConfigurationPlatforms) = preSolution
		Debug|Any CPU = Debug|Any CPU
		Release|Any CPU = Release|Any CPU
	EndGlobalSection
	GlobalSection(ProjectConfigurationPlatforms) = postSolution
		{6CBA4C6E-66AD-45A3-9F00-080D96C13C9A}.Debug|Any CPU.ActiveCfg = Debug|Any CPU
		{6CBA4C6E-66AD-45A3-9F00-080D96C13C9A}.Debug|Any CPU.Build.0 = Debug|Any CPU
		{6CBA4C6E-66AD-45A3-9F00-080D96C13C9A}.Release|Any CPU.ActiveCfg = Release|Any CPU
		{6CBA4C6E-66AD-45A3-9F00-080D96C13C9A}.Release|Any CPU.Build.0 = Release|Any CPU
	EndGlobalSection
	GlobalSection(SolutionProperties) = preSolution
		HideSolutionNode = FALSE
	EndGlobalSection
	GlobalSection(ExtensibilityGlobals) = postSolution
		SolutionGuid = {E0D02AB4-2B33-4681-A1D2-1C9A51A356D9}
	EndGlobalSection
EndGlobal
